
Microsoft Visual Studio Solution File, Format Version 12.00
# Visual Studio Version 17
VisualStudioVersion = 17.3.32929.385
MinimumVisualStudioVersion = 10.0.40219.1
Project("{FAE04EC0-301F-11D3-BF4B-00C04F79EFBC}") = "AnagramsTest", "AnagramsTest.csproj", "{1E066EFB-0F56-4170-A928-2CB487E486A1}"
EndProject
Global
	GlobalSection(SolutionConfigurationPlatforms) = preSolution
		Debug|Any CPU = Debug|Any CPU
		Release|Any CPU = Release|Any CPU
	EndGlobalSection
	GlobalSection(ProjectConfigurationPlatforms) = postSolution
		{1E066EFB-0F56-4170-A928-2CB487E486A1}.Debug|Any CPU.ActiveCfg = Debug|Any CPU
		{1E066EFB-0F56-4170-A928-2CB487E486A1}.Debug|Any CPU.Build.0 = Debug|Any CPU
		{1E066EFB-0F56-4170-A928-2CB487E486A1}.Release|Any CPU.ActiveCfg = Release|Any CPU
		{1E066EFB-0F56-4170-A928-2CB487E486A1}.Release|Any CPU.Build.0 = Release|Any CPU
	EndGlobalSection
	GlobalSection(SolutionProperties) = preSolution
		HideSolutionNode = FALSE
	EndGlobalSection
	GlobalSection(ExtensibilityGlobals) = postSolution
		SolutionGuid = {11C11ACD-F4BD-4EE2-A5C6-2524D5314AB1}
	EndGlobalSection
EndGlobal
